
Microsoft Visual Studio Solution File, Format Version 12.00
# Visual Studio Version 16
VisualStudioVersion = 16.0.31005.135
MinimumVisualStudioVersion = 10.0.40219.1
Project("{9A19103F-16F7-4668-BE54-9A1E7A4F7556}") = "SW01-beginning", "SW01-beginning\SW01-beginning.csproj", "{30B7691B-C789-4519-A4A7-CB46B9AEE72B}"
EndProject
Project("{9A19103F-16F7-4668-BE54-9A1E7A4F7556}") = "SW01-Adder", "SW01-Adder\SW01-Adder.csproj", "{539BDFBC-5CD3-4243-8330-5616BC0A7C54}"
EndProject
Project("{9A19103F-16F7-4668-BE54-9A1E7A4F7556}") = "SW02-ArrayMax", "ArrayMax\SW02-ArrayMax.csproj", "{00EFB58E-477F-480E-8D71-776712B04376}"
EndProject
Project("{9A19103F-16F7-4668-BE54-9A1E7A4F7556}") = "SW02-Person", "SW02-Person\SW02-Person.csproj", "{C0BE88E8-A26E-4B50-A51B-EC3BF5BB111C}"
EndProject
Project("{2150E333-8FDC-42A3-9474-1A3956D46DE8}") = "SW01", "SW01", "{9441C14A-22DC-4019-BD54-12FE5D5FFF76}"
EndProject
Project("{2150E333-8FDC-42A3-9474-1A3956D46DE8}") = "SW02", "SW02", "{81C806FF-3D87-4CB8-8B4C-ACAF7536E78B}"
EndProject
Project("{9A19103F-16F7-4668-BE54-9A1E7A4F7556}") = "SW02-GC", "SW02-GC\SW02-GC.csproj", "{73B7D9C6-6CA7-49B7-B633-E69CEE426BFD}"
EndProject
Project("{9A19103F-16F7-4668-BE54-9A1E7A4F7556}") = "SW02-ClassDiagrams", "SW02-ClassDiagrams\SW02-ClassDiagrams.csproj", "{F4A00DC5-89A3-47D0-B640-3270FF9668BA}"
EndProject
Project("{2150E333-8FDC-42A3-9474-1A3956D46DE8}") = "SW03", "SW03", "{B3378908-8DB5-438B-BB5D-4AFD82A78735}"
EndProject
Project("{9A19103F-16F7-4668-BE54-9A1E7A4F7556}") = "SW03-Person", "SW03-Person\SW03-Person.csproj", "{1D99DA90-92BF-4A32-9F55-54B06E4E3333}"
EndProject
Project("{2150E333-8FDC-42A3-9474-1A3956D46DE8}") = "SW04", "SW04", "{4B57D9F6-2D8C-4599-A3EF-2F149C0D721E}"
EndProject
Project("{9A19103F-16F7-4668-BE54-9A1E7A4F7556}") = "SW04_Enviroment", "SW04_Enviroment\SW04_Enviroment.csproj", "{763E0148-2FE0-4A64-999A-6579420A165D}"
EndProject
Project("{9A19103F-16F7-4668-BE54-9A1E7A4F7556}") = "SW04-MyList", "SW04-MyList\SW04-MyList.csproj", "{375A89B9-E5D7-469A-AD03-D42392876F96}"
EndProject
Project("{2150E333-8FDC-42A3-9474-1A3956D46DE8}") = "SW05", "SW05", "{AF409F11-D483-4757-ACB8-3B81187332B8}"
EndProject
Project("{9A19103F-16F7-4668-BE54-9A1E7A4F7556}") = "GenericList", "GenericList\GenericList.csproj", "{C291E179-F8F3-47E0-BDB1-3A3DDCCC87D6}"
EndProject
Project("{2150E333-8FDC-42A3-9474-1A3956D46DE8}") = "SW06", "SW06", "{DF37467A-385F-4207-A953-A407055CE7DF}"
EndProject
Project("{9A19103F-16F7-4668-BE54-9A1E7A4F7556}") = "SW06_Person", "SW06_Person\SW06_Person.csproj", "{59F4ECB8-16EA-4894-BC1D-22BCF21B32B6}"
EndProject
Project("{9A19103F-16F7-4668-BE54-9A1E7A4F7556}") = "SW06-Exceptions", "SW06-Exceptions\SW06-Exceptions.csproj", "{70D9CA2B-7578-4948-A606-50D7F631DF06}"
EndProject
Project("{FAE04EC0-301F-11D3-BF4B-00C04F79EFBC}") = "SW06-NetCoreRaspberry", "SW06-NetCoreRaspberry\SW06-NetCoreRaspberry.csproj", "{A89BE03B-1793-4FBF-904C-47BD124935F5}"
EndProject
Project("{FAE04EC0-301F-11D3-BF4B-00C04F79EFBC}") = "SW06-DebugDemo", "SW06-DebugDemo\SW06-DebugDemo.csproj", "{82550B4B-8895-4867-9422-A450450481FF}"
EndProject
Project("{FAE04EC0-301F-11D3-BF4B-00C04F79EFBC}") = "SW06-RasPiLED", "SW06-RasPiLED\SW06-RasPiLED.csproj", "{EE64D2AF-6A20-4627-8D72-9019D98051EF}"
EndProject
Global
	GlobalSection(SolutionConfigurationPlatforms) = preSolution
		Debug|Any CPU = Debug|Any CPU
		Release|Any CPU = Release|Any CPU
	EndGlobalSection
	GlobalSection(ProjectConfigurationPlatforms) = postSolution
		{30B7691B-C789-4519-A4A7-CB46B9AEE72B}.Debug|Any CPU.ActiveCfg = Debug|Any CPU
		{30B7691B-C789-4519-A4A7-CB46B9AEE72B}.Debug|Any CPU.Build.0 = Debug|Any CPU
		{30B7691B-C789-4519-A4A7-CB46B9AEE72B}.Release|Any CPU.ActiveCfg = Release|Any CPU
		{30B7691B-C789-4519-A4A7-CB46B9AEE72B}.Release|Any CPU.Build.0 = Release|Any CPU
		{539BDFBC-5CD3-4243-8330-5616BC0A7C54}.Debug|Any CPU.ActiveCfg = Debug|Any CPU
		{539BDFBC-5CD3-4243-8330-5616BC0A7C54}.Debug|Any CPU.Build.0 = Debug|Any CPU
		{539BDFBC-5CD3-4243-8330-5616BC0A7C54}.Release|Any CPU.ActiveCfg = Release|Any CPU
		{539BDFBC-5CD3-4243-8330-5616BC0A7C54}.Release|Any CPU.Build.0 = Release|Any CPU
		{00EFB58E-477F-480E-8D71-776712B04376}.Debug|Any CPU.ActiveCfg = Debug|Any CPU
		{00EFB58E-477F-480E-8D71-776712B04376}.Debug|Any CPU.Build.0 = Debug|Any CPU
		{00EFB58E-477F-480E-8D71-776712B04376}.Release|Any CPU.ActiveCfg = Release|Any CPU
		{00EFB58E-477F-480E-8D71-776712B04376}.Release|Any CPU.Build.0 = Release|Any CPU
		{C0BE88E8-A26E-4B50-A51B-EC3BF5BB111C}.Debug|Any CPU.ActiveCfg = Debug|Any CPU
		{C0BE88E8-A26E-4B50-A51B-EC3BF5BB111C}.Debug|Any CPU.Build.0 = Debug|Any CPU
		{C0BE88E8-A26E-4B50-A51B-EC3BF5BB111C}.Release|Any CPU.ActiveCfg = Release|Any CPU
		{C0BE88E8-A26E-4B50-A51B-EC3BF5BB111C}.Release|Any CPU.Build.0 = Release|Any CPU
		{73B7D9C6-6CA7-49B7-B633-E69CEE426BFD}.Debug|Any CPU.ActiveCfg = Debug|Any CPU
		{73B7D9C6-6CA7-49B7-B633-E69CEE426BFD}.Debug|Any CPU.Build.0 = Debug|Any CPU
		{73B7D9C6-6CA7-49B7-B633-E69CEE426BFD}.Release|Any CPU.ActiveCfg = Release|Any CPU
		{73B7D9C6-6CA7-49B7-B633-E69CEE426BFD}.Release|Any CPU.Build.0 = Release|Any CPU
		{F4A00DC5-89A3-47D0-B640-3270FF9668BA}.Debug|Any CPU.ActiveCfg = Debug|Any CPU
		{F4A00DC5-89A3-47D0-B640-3270FF9668BA}.Debug|Any CPU.Build.0 = Debug|Any CPU
		{F4A00DC5-89A3-47D0-B640-3270FF9668BA}.Release|Any CPU.ActiveCfg = Release|Any CPU
		{F4A00DC5-89A3-47D0-B640-3270FF9668BA}.Release|Any CPU.Build.0 = Release|Any CPU
		{1D99DA90-92BF-4A32-9F55-54B06E4E3333}.Debug|Any CPU.ActiveCfg = Debug|Any CPU
		{1D99DA90-92BF-4A32-9F55-54B06E4E3333}.Debug|Any CPU.Build.0 = Debug|Any CPU
		{1D99DA90-92BF-4A32-9F55-54B06E4E3333}.Release|Any CPU.ActiveCfg = Release|Any CPU
		{1D99DA90-92BF-4A32-9F55-54B06E4E3333}.Release|Any CPU.Build.0 = Release|Any CPU
		{763E0148-2FE0-4A64-999A-6579420A165D}.Debug|Any CPU.ActiveCfg = Debug|Any CPU
		{763E0148-2FE0-4A64-999A-6579420A165D}.Debug|Any CPU.Build.0 = Debug|Any CPU
		{763E0148-2FE0-4A64-999A-6579420A165D}.Release|Any CPU.ActiveCfg = Release|Any CPU
		{763E0148-2FE0-4A64-999A-6579420A165D}.Release|Any CPU.Build.0 = Release|Any CPU
		{375A89B9-E5D7-469A-AD03-D42392876F96}.Debug|Any CPU.ActiveCfg = Debug|Any CPU
		{375A89B9-E5D7-469A-AD03-D42392876F96}.Debug|Any CPU.Build.0 = Debug|Any CPU
		{375A89B9-E5D7-469A-AD03-D42392876F96}.Release|Any CPU.ActiveCfg = Release|Any CPU
		{375A89B9-E5D7-469A-AD03-D42392876F96}.Release|Any CPU.Build.0 = Release|Any CPU
		{C291E179-F8F3-47E0-BDB1-3A3DDCCC87D6}.Debug|Any CPU.ActiveCfg = Debug|Any CPU
		{C291E179-F8F3-47E0-BDB1-3A3DDCCC87D6}.Debug|Any CPU.Build.0 = Debug|Any CPU
		{C291E179-F8F3-47E0-BDB1-3A3DDCCC87D6}.Release|Any CPU.ActiveCfg = Release|Any CPU
		{C291E179-F8F3-47E0-BDB1-3A3DDCCC87D6}.Release|Any CPU.Build.0 = Release|Any CPU
		{59F4ECB8-16EA-4894-BC1D-22BCF21B32B6}.Debug|Any CPU.ActiveCfg = Debug|Any CPU
		{59F4ECB8-16EA-4894-BC1D-22BCF21B32B6}.Debug|Any CPU.Build.0 = Debug|Any CPU
		{59F4ECB8-16EA-4894-BC1D-22BCF21B32B6}.Release|Any CPU.ActiveCfg = Release|Any CPU
		{59F4ECB8-16EA-4894-BC1D-22BCF21B32B6}.Release|Any CPU.Build.0 = Release|Any CPU
		{70D9CA2B-7578-4948-A606-50D7F631DF06}.Debug|Any CPU.ActiveCfg = Debug|Any CPU
		{70D9CA2B-7578-4948-A606-50D7F631DF06}.Debug|Any CPU.Build.0 = Debug|Any CPU
		{70D9CA2B-7578-4948-A606-50D7F631DF06}.Release|Any CPU.ActiveCfg = Release|Any CPU
		{70D9CA2B-7578-4948-A606-50D7F631DF06}.Release|Any CPU.Build.0 = Release|Any CPU
		{A89BE03B-1793-4FBF-904C-47BD124935F5}.Debug|Any CPU.ActiveCfg = Debug|Any CPU
		{A89BE03B-1793-4FBF-904C-47BD124935F5}.Debug|Any CPU.Build.0 = Debug|Any CPU
		{A89BE03B-1793-4FBF-904C-47BD124935F5}.Release|Any CPU.ActiveCfg = Release|Any CPU
		{A89BE03B-1793-4FBF-904C-47BD124935F5}.Release|Any CPU.Build.0 = Release|Any CPU
		{82550B4B-8895-4867-9422-A450450481FF}.Debug|Any CPU.ActiveCfg = Debug|Any CPU
		{82550B4B-8895-4867-9422-A450450481FF}.Debug|Any CPU.Build.0 = Debug|Any CPU
		{82550B4B-8895-4867-9422-A450450481FF}.Release|Any CPU.ActiveCfg = Release|Any CPU
		{82550B4B-8895-4867-9422-A450450481FF}.Release|Any CPU.Build.0 = Release|Any CPU
		{EE64D2AF-6A20-4627-8D72-9019D98051EF}.Debug|Any CPU.ActiveCfg = Debug|Any CPU
		{EE64D2AF-6A20-4627-8D72-9019D98051EF}.Debug|Any CPU.Build.0 = Debug|Any CPU
		{EE64D2AF-6A20-4627-8D72-9019D98051EF}.Release|Any CPU.ActiveCfg = Release|Any CPU
		{EE64D2AF-6A20-4627-8D72-9019D98051EF}.Release|Any CPU.Build.0 = Release|Any CPU
	EndGlobalSection
	GlobalSection(SolutionProperties) = preSolution
		HideSolutionNode = FALSE
	EndGlobalSection
	GlobalSection(NestedProjects) = preSolution
		{30B7691B-C789-4519-A4A7-CB46B9AEE72B} = {9441C14A-22DC-4019-BD54-12FE5D5FFF76}
		{539BDFBC-5CD3-4243-8330-5616BC0A7C54} = {9441C14A-22DC-4019-BD54-12FE5D5FFF76}
		{00EFB58E-477F-480E-8D71-776712B04376} = {81C806FF-3D87-4CB8-8B4C-ACAF7536E78B}
		{C0BE88E8-A26E-4B50-A51B-EC3BF5BB111C} = {81C806FF-3D87-4CB8-8B4C-ACAF7536E78B}
		{73B7D9C6-6CA7-49B7-B633-E69CEE426BFD} = {81C806FF-3D87-4CB8-8B4C-ACAF7536E78B}
		{F4A00DC5-89A3-47D0-B640-3270FF9668BA} = {81C806FF-3D87-4CB8-8B4C-ACAF7536E78B}
		{1D99DA90-92BF-4A32-9F55-54B06E4E3333} = {B3378908-8DB5-438B-BB5D-4AFD82A78735}
		{763E0148-2FE0-4A64-999A-6579420A165D} = {4B57D9F6-2D8C-4599-A3EF-2F149C0D721E}
		{375A89B9-E5D7-469A-AD03-D42392876F96} = {4B57D9F6-2D8C-4599-A3EF-2F149C0D721E}
		{C291E179-F8F3-47E0-BDB1-3A3DDCCC87D6} = {AF409F11-D483-4757-ACB8-3B81187332B8}
		{59F4ECB8-16EA-4894-BC1D-22BCF21B32B6} = {DF37467A-385F-4207-A953-A407055CE7DF}
		{70D9CA2B-7578-4948-A606-50D7F631DF06} = {DF37467A-385F-4207-A953-A407055CE7DF}
		{A89BE03B-1793-4FBF-904C-47BD124935F5} = {DF37467A-385F-4207-A953-A407055CE7DF}
		{82550B4B-8895-4867-9422-A450450481FF} = {DF37467A-385F-4207-A953-A407055CE7DF}
		{EE64D2AF-6A20-4627-8D72-9019D98051EF} = {DF37467A-385F-4207-A953-A407055CE7DF}
	EndGlobalSection
	GlobalSection(ExtensibilityGlobals) = postSolution
		SolutionGuid = {D52ABC06-97E4-40E3-A7BB-29A12377911A}
	EndGlobalSection
EndGlobal
